// !$*UTF8*$!
{
	archiveVersion = 1;
	classes = {
	};
	objectVersion = 46;
	objects = {

/* Begin PBXBuildFile section */
		BC45EF0818B1E79000D9A95E /* Foundation.framework in Frameworks */ = {isa = PBXBuildFile; fileRef = BC45EF0718B1E79000D9A95E /* Foundation.framework */; };
		BC45EF0A18B1E79000D9A95E /* CoreGraphics.framework in Frameworks */ = {isa = PBXBuildFile; fileRef = BC45EF0918B1E79000D9A95E /* CoreGraphics.framework */; };
		BC45EF0C18B1E79000D9A95E /* UIKit.framework in Frameworks */ = {isa = PBXBuildFile; fileRef = BC45EF0B18B1E79000D9A95E /* UIKit.framework */; };
		BC45EF1218B1E79000D9A95E /* InfoPlist.strings in Resources */ = {isa = PBXBuildFile; fileRef = BC45EF1018B1E79000D9A95E /* InfoPlist.strings */; };
		BC45EF1418B1E79000D9A95E /* main.m in Sources */ = {isa = PBXBuildFile; fileRef = BC45EF1318B1E79000D9A95E /* main.m */; };
		BC45EF1818B1E79000D9A95E /* AppDelegate.m in Sources */ = {isa = PBXBuildFile; fileRef = BC45EF1718B1E79000D9A95E /* AppDelegate.m */; };
		BC45EF1A18B1E79000D9A95E /* Images.xcassets in Resources */ = {isa = PBXBuildFile; fileRef = BC45EF1918B1E79000D9A95E /* Images.xcassets */; };
		BC45EF2118B1E79000D9A95E /* XCTest.framework in Frameworks */ = {isa = PBXBuildFile; fileRef = BC45EF2018B1E79000D9A95E /* XCTest.framework */; };
		BC45EF2218B1E79000D9A95E /* Foundation.framework in Frameworks */ = {isa = PBXBuildFile; fileRef = BC45EF0718B1E79000D9A95E /* Foundation.framework */; };
		BC45EF2318B1E79000D9A95E /* UIKit.framework in Frameworks */ = {isa = PBXBuildFile; fileRef = BC45EF0B18B1E79000D9A95E /* UIKit.framework */; };
		BC45EF2B18B1E79000D9A95E /* InfoPlist.strings in Resources */ = {isa = PBXBuildFile; fileRef = BC45EF2918B1E79000D9A95E /* InfoPlist.strings */; };
		BC45EF2D18B1E79000D9A95E /* DadosMeuTests.m in Sources */ = {isa = PBXBuildFile; fileRef = BC45EF2C18B1E79000D9A95E /* DadosMeuTests.m */; };
/* End PBXBuildFile section */

/* Begin PBXContainerItemProxy section */
		BC45EF2418B1E79000D9A95E /* PBXContainerItemProxy */ = {
			isa = PBXContainerItemProxy;
			containerPortal = BC45EEFC18B1E79000D9A95E /* Project object */;
			proxyType = 1;
			remoteGlobalIDString = BC45EF0318B1E79000D9A95E;
			remoteInfo = DadosMeu;
		};
/* End PBXContainerItemProxy section */

/* Begin PBXFileReference section */
		BC45EF0418B1E79000D9A95E /* DadosMeu.app */ = {isa = PBXFileReference; explicitFileType = wrapper.application; includeInIndex = 0; path = DadosMeu.app; sourceTree = BUILT_PRODUCTS_DIR; };
		BC45EF0718B1E79000D9A95E /* Foundation.framework */ = {isa = PBXFileReference; lastKnownFileType = wrapper.framework; name = Foundation.framework; path = System/Library/Frameworks/Foundation.framework; sourceTree = SDKROOT; };
		BC45EF0918B1E79000D9A95E /* CoreGraphics.framework */ = {isa = PBXFileReference; lastKnownFileType = wrapper.framework; name = CoreGraphics.framework; path = System/Library/Frameworks/CoreGraphics.framework; sourceTree = SDKROOT; };
		BC45EF0B18B1E79000D9A95E /* UIKit.framework */ = {isa = PBXFileReference; lastKnownFileType = wrapper.framework; name = UIKit.framework; path = System/Library/Frameworks/UIKit.framework; sourceTree = SDKROOT; };
		BC45EF0F18B1E79000D9A95E /* DadosMeu-Info.plist */ = {isa = PBXFileReference; lastKnownFileType = text.plist.xml; path = "DadosMeu-Info.plist"; sourceTree = "<group>"; };
		BC45EF1118B1E79000D9A95E /* en */ = {isa = PBXFileReference; lastKnownFileType = text.plist.strings; name = en; path = en.lproj/InfoPlist.strings; sourceTree = "<group>"; };
		BC45EF1318B1E79000D9A95E /* main.m */ = {isa = PBXFileReference; lastKnownFileType = sourcecode.c.objc; path = main.m; sourceTree = "<group>"; };
		BC45EF1518B1E79000D9A95E /* DadosMeu-Prefix.pch */ = {isa = PBXFileReference; lastKnownFileType = sourcecode.c.h; path = "DadosMeu-Prefix.pch"; sourceTree = "<group>"; };
		BC45EF1618B1E79000D9A95E /* AppDelegate.h */ = {isa = PBXFileReference; lastKnownFileType = sourcecode.c.h; path = AppDelegate.h; sourceTree = "<group>"; };
		BC45EF1718B1E79000D9A95E /* AppDelegate.m */ = {isa = PBXFileReference; lastKnownFileType = sourcecode.c.objc; path = AppDelegate.m; sourceTree = "<group>"; };
		BC45EF1918B1E79000D9A95E /* Images.xcassets */ = {isa = PBXFileReference; lastKnownFileType = folder.assetcatalog; path = Images.xcassets; sourceTree = "<group>"; };
		BC45EF1F18B1E79000D9A95E /* DadosMeuTests.xctest */ = {isa = PBXFileReference; explicitFileType = wrapper.cfbundle; includeInIndex = 0; path = DadosMeuTests.xctest; sourceTree = BUILT_PRODUCTS_DIR; };
		BC45EF2018B1E79000D9A95E /* XCTest.framework */ = {isa = PBXFileReference; lastKnownFileType = wrapper.framework; name = XCTest.framework; path = Library/Frameworks/XCTest.framework; sourceTree = DEVELOPER_DIR; };
		BC45EF2818B1E79000D9A95E /* DadosMeuTests-Info.plist */ = {isa = PBXFileReference; lastKnownFileType = text.plist.xml; path = "DadosMeuTests-Info.plist"; sourceTree = "<group>"; };
		BC45EF2A18B1E79000D9A95E /* en */ = {isa = PBXFileReference; lastKnownFileType = text.plist.strings; name = en; path = en.lproj/InfoPlist.strings; sourceTree = "<group>"; };
		BC45EF2C18B1E79000D9A95E /* DadosMeuTests.m */ = {isa = PBXFileReference; lastKnownFileType = sourcecode.c.objc; path = DadosMeuTests.m; sourceTree = "<group>"; };
/* End PBXFileReference section */

/* Begin PBXFrameworksBuildPhase section */
		BC45EF0118B1E79000D9A95E /* Frameworks */ = {
			isa = PBXFrameworksBuildPhase;
			buildActionMask = 2147483647;
			files = (
				BC45EF0A18B1E79000D9A95E /* CoreGraphics.framework in Frameworks */,
				BC45EF0C18B1E79000D9A95E /* UIKit.framework in Frameworks */,
				BC45EF0818B1E79000D9A95E /* Foundation.framework in Frameworks */,
			);
			runOnlyForDeploymentPostprocessing = 0;
		};
		BC45EF1C18B1E79000D9A95E /* Frameworks */ = {
			isa = PBXFrameworksBuildPhase;
			buildActionMask = 2147483647;
			files = (
				BC45EF2118B1E79000D9A95E /* XCTest.framework in Frameworks */,
				BC45EF2318B1E79000D9A95E /* UIKit.framework in Frameworks */,
				BC45EF2218B1E79000D9A95E /* Foundation.framework in Frameworks */,
			);
			runOnlyForDeploymentPostprocessing = 0;
		};
/* End PBXFrameworksBuildPhase section */

/* Begin PBXGroup section */
		BC45EEFB18B1E79000D9A95E = {
			isa = PBXGroup;
			children = (
				BC45EF0D18B1E79000D9A95E /* DadosMeu */,
				BC45EF2618B1E79000D9A95E /* DadosMeuTests */,
				BC45EF0618B1E79000D9A95E /* Frameworks */,
				BC45EF0518B1E79000D9A95E /* Products */,
			);
			sourceTree = "<group>";
		};
		BC45EF0518B1E79000D9A95E /* Products */ = {
			isa = PBXGroup;
			children = (
				BC45EF0418B1E79000D9A95E /* DadosMeu.app */,
				BC45EF1F18B1E79000D9A95E /* DadosMeuTests.xctest */,
			);
			name = Products;
			sourceTree = "<group>";
		};
		BC45EF0618B1E79000D9A95E /* Frameworks */ = {
			isa = PBXGroup;
			children = (
				BC45EF0718B1E79000D9A95E /* Foundation.framework */,
				BC45EF0918B1E79000D9A95E /* CoreGraphics.framework */,
				BC45EF0B18B1E79000D9A95E /* UIKit.framework */,
				BC45EF2018B1E79000D9A95E /* XCTest.framework */,
			);
			name = Frameworks;
			sourceTree = "<group>";
		};
		BC45EF0D18B1E79000D9A95E /* DadosMeu */ = {
			isa = PBXGroup;
			children = (
				BC45EF1618B1E79000D9A95E /* AppDelegate.h */,
				BC45EF1718B1E79000D9A95E /* AppDelegate.m */,
				BC45EF1918B1E79000D9A95E /* Images.xcassets */,
				BC45EF0E18B1E79000D9A95E /* Supporting Files */,
			);
			path = DadosMeu;
			sourceTree = "<group>";
		};
		BC45EF0E18B1E79000D9A95E /* Supporting Files */ = {
			isa = PBXGroup;
			children = (
				BC45EF0F18B1E79000D9A95E /* DadosMeu-Info.plist */,
				BC45EF1018B1E79000D9A95E /* InfoPlist.strings */,
				BC45EF1318B1E79000D9A95E /* main.m */,
				BC45EF1518B1E79000D9A95E /* DadosMeu-Prefix.pch */,
			);
			name = "Supporting Files";
			sourceTree = "<group>";
		};
		BC45EF2618B1E79000D9A95E /* DadosMeuTests */ = {
			isa = PBXGroup;
			children = (
				BC45EF2C18B1E79000D9A95E /* DadosMeuTests.m */,
				BC45EF2718B1E79000D9A95E /* Supporting Files */,
			);
			path = DadosMeuTests;
			sourceTree = "<group>";
		};
		BC45EF2718B1E79000D9A95E /* Supporting Files */ = {
			isa = PBXGroup;
			children = (
				BC45EF2818B1E79000D9A95E /* DadosMeuTests-Info.plist */,
				BC45EF2918B1E79000D9A95E /* InfoPlist.strings */,
			);
			name = "Supporting Files";
			sourceTree = "<group>";
		};
/* End PBXGroup section */

/* Begin PBXNativeTarget section */
		BC45EF0318B1E79000D9A95E /* DadosMeu */ = {
			isa = PBXNativeTarget;
			buildConfigurationList = BC45EF3018B1E79000D9A95E /* Build configuration list for PBXNativeTarget "DadosMeu" */;
			buildPhases = (
				BC45EF0018B1E79000D9A95E /* Sources */,
				BC45EF0118B1E79000D9A95E /* Frameworks */,
				BC45EF0218B1E79000D9A95E /* Resources */,
			);
			buildRules = (
			);
			dependencies = (
			);
			name = DadosMeu;
			productName = DadosMeu;
			productReference = BC45EF0418B1E79000D9A95E /* DadosMeu.app */;
			productType = "com.apple.product-type.application";
		};
		BC45EF1E18B1E79000D9A95E /* DadosMeuTests */ = {
			isa = PBXNativeTarget;
			buildConfigurationList = BC45EF3318B1E79000D9A95E /* Build configuration list for PBXNativeTarget "DadosMeuTests" */;
			buildPhases = (
				BC45EF1B18B1E79000D9A95E /* Sources */,
				BC45EF1C18B1E79000D9A95E /* Frameworks */,
				BC45EF1D18B1E79000D9A95E /* Resources */,
			);
			buildRules = (
			);
			dependencies = (
				BC45EF2518B1E79000D9A95E /* PBXTargetDependency */,
			);
			name = DadosMeuTests;
			productName = DadosMeuTests;
			productReference = BC45EF1F18B1E79000D9A95E /* DadosMeuTests.xctest */;
			productType = "com.apple.product-type.bundle.unit-test";
		};
/* End PBXNativeTarget section */

/* Begin PBXProject section */
		BC45EEFC18B1E79000D9A95E /* Project object */ = {
			isa = PBXProject;
			attributes = {
				LastUpgradeCheck = 0500;
				ORGANIZATIONNAME = VyMajoris;
				TargetAttributes = {
					BC45EF1E18B1E79000D9A95E = {
						TestTargetID = BC45EF0318B1E79000D9A95E;
					};
				};
			};
			buildConfigurationList = BC45EEFF18B1E79000D9A95E /* Build configuration list for PBXProject "DadosMeu" */;
			compatibilityVersion = "Xcode 3.2";
			developmentRegion = English;
			hasScannedForEncodings = 0;
			knownRegions = (
				en,
			);
			mainGroup = BC45EEFB18B1E79000D9A95E;
			productRefGroup = BC45EF0518B1E79000D9A95E /* Products */;
			projectDirPath = "";
			projectRoot = "";
			targets = (
				BC45EF0318B1E79000D9A95E /* DadosMeu */,
				BC45EF1E18B1E79000D9A95E /* DadosMeuTests */,
			);
		};
/* End PBXProject section */

/* Begin PBXResourcesBuildPhase section */
		BC45EF0218B1E79000D9A95E /* Resources */ = {
			isa = PBXResourcesBuildPhase;
			buildActionMask = 2147483647;
			files = (
				BC45EF1218B1E79000D9A95E /* InfoPlist.strings in Resources */,
				BC45EF1A18B1E79000D9A95E /* Images.xcassets in Resources */,
			);
			runOnlyForDeploymentPostprocessing = 0;
		};
		BC45EF1D18B1E79000D9A95E /* Resources */ = {
			isa = PBXResourcesBuildPhase;
			buildActionMask = 2147483647;
			files = (
				BC45EF2B18B1E79000D9A95E /* InfoPlist.strings in Resources */,
			);
			runOnlyForDeploymentPostprocessing = 0;
		};
/* End PBXResourcesBuildPhase section */

/* Begin PBXSourcesBuildPhase section */
		BC45EF0018B1E79000D9A95E /* Sources */ = {
			isa = PBXSourcesBuildPhase;
			buildActionMask = 2147483647;
			files = (
				BC45EF1818B1E79000D9A95E /* AppDelegate.m in Sources */,
				BC45EF1418B1E79000D9A95E /* main.m in Sources */,
			);
			runOnlyForDeploymentPostprocessing = 0;
		};
		BC45EF1B18B1E79000D9A95E /* Sources */ = {
			isa = PBXSourcesBuildPhase;
			buildActionMask = 2147483647;
			files = (
				BC45EF2D18B1E79000D9A95E /* DadosMeuTests.m in Sources */,
			);
			runOnlyForDeploymentPostprocessing = 0;
		};
/* End PBXSourcesBuildPhase section */

/* Begin PBXTargetDependency section */
		BC45EF2518B1E79000D9A95E /* PBXTargetDependency */ = {
			isa = PBXTargetDependency;
			target = BC45EF0318B1E79000D9A95E /* DadosMeu */;
			targetProxy = BC45EF2418B1E79000D9A95E /* PBXContainerItemProxy */;
		};
/* End PBXTargetDependency section */

/* Begin PBXVariantGroup section */
		BC45EF1018B1E79000D9A95E /* InfoPlist.strings */ = {
			isa = PBXVariantGroup;
			children = (
				BC45EF1118B1E79000D9A95E /* en */,
			);
			name = InfoPlist.strings;
			sourceTree = "<group>";
		};
		BC45EF2918B1E79000D9A95E /* InfoPlist.strings */ = {
			isa = PBXVariantGroup;
			children = (
				BC45EF2A18B1E79000D9A95E /* en */,
			);
			name = InfoPlist.strings;
			sourceTree = "<group>";
		};
/* End PBXVariantGroup section */

/* Begin XCBuildConfiguration section */
		BC45EF2E18B1E79000D9A95E /* Debug */ = {
			isa = XCBuildConfiguration;
			buildSettings = {
				ALWAYS_SEARCH_USER_PATHS = NO;
				ARCHS = "$(ARCHS_STANDARD_INCLUDING_64_BIT)";
				CLANG_CXX_LANGUAGE_STANDARD = "gnu++0x";
				CLANG_CXX_LIBRARY = "libc++";
				CLANG_ENABLE_MODULES = YES;
				CLANG_ENABLE_OBJC_ARC = YES;
				CLANG_WARN_BOOL_CONVERSION = YES;
				CLANG_WARN_CONSTANT_CONVERSION = YES;
				CLANG_WARN_DIRECT_OBJC_ISA_USAGE = YES_ERROR;
				CLANG_WARN_EMPTY_BODY = YES;
				CLANG_WARN_ENUM_CONVERSION = YES;
				CLANG_WARN_INT_CONVERSION = YES;
				CLANG_WARN_OBJC_ROOT_CLASS = YES_ERROR;
				CLANG_WARN__DUPLICATE_METHOD_MATCH = YES;
				"CODE_SIGN_IDENTITY[sdk=iphoneos*]" = "iPhone Developer";
				COPY_PHASE_STRIP = NO;
				GCC_C_LANGUAGE_STANDARD = gnu99;
				GCC_DYNAMIC_NO_PIC = NO;
				GCC_OPTIMIZATION_LEVEL = 0;
				GCC_PREPROCESSOR_DEFINITIONS = (
					"DEBUG=1",
					"$(inherited)",
				);
				GCC_SYMBOLS_PRIVATE_EXTERN = NO;
				GCC_WARN_64_TO_32_BIT_CONVERSION = YES;
				GCC_WARN_ABOUT_RETURN_TYPE = YES_ERROR;
				GCC_WARN_UNDECLARED_SELECTOR = YES;
				GCC_WARN_UNINITIALIZED_AUTOS = YES;
				GCC_WARN_UNUSED_FUNCTION = YES;
				GCC_WARN_UNUSED_VARIABLE = YES;
				IPHONEOS_DEPLOYMENT_TARGET = 7.0;
				ONLY_ACTIVE_ARCH = YES;
				SDKROOT = iphoneos;
			};
			name = Debug;
		};
		BC45EF2F18B1E79000D9A95E /* Release */ = {
			isa = XCBuildConfiguration;
			buildSettings = {
				ALWAYS_SEARCH_USER_PATHS = NO;
				ARCHS = "$(ARCHS_STANDARD_INCLUDING_64_BIT)";
				CLANG_CXX_LANGUAGE_STANDARD = "gnu++0x";
				CLANG_CXX_LIBRARY = "libc++";
				CLANG_ENABLE_MODULES = YES;
				CLANG_ENABLE_OBJC_ARC = YES;
				CLANG_WARN_BOOL_CONVERSION = YES;
				CLANG_WARN_CONSTANT_CONVERSION = YES;
				CLANG_WARN_DIRECT_OBJC_ISA_USAGE = YES_ERROR;
				CLANG_WARN_EMPTY_BODY = YES;
				CLANG_WARN_ENUM_CONVERSION = YES;
				CLANG_WARN_INT_CONVERSION = YES;
				CLANG_WARN_OBJC_ROOT_CLASS = YES_ERROR;
				CLANG_WARN__DUPLICATE_METHOD_MATCH = YES;
				"CODE_SIGN_IDENTITY[sdk=iphoneos*]" = "iPhone Developer";
				COPY_PHASE_STRIP = YES;
				ENABLE_NS_ASSERTIONS = NO;
				GCC_C_LANGUAGE_STANDARD = gnu99;
				GCC_WARN_64_TO_32_BIT_CONVERSION = YES;
				GCC_WARN_ABOUT_RETURN_TYPE = YES_ERROR;
				GCC_WARN_UNDECLARED_SELECTOR = YES;
				GCC_WARN_UNINITIALIZED_AUTOS = YES;
				GCC_WARN_UNUSED_FUNCTION = YES;
				GCC_WARN_UNUSED_VARIABLE = YES;
				IPHONEOS_DEPLOYMENT_TARGET = 7.0;
				SDKROOT = iphoneos;
				VALIDATE_PRODUCT = YES;
			};
			name = Release;
		};
		BC45EF3118B1E79000D9A95E /* Debug */ = {
			isa = XCBuildConfiguration;
			buildSettings = {
				ASSETCATALOG_COMPILER_APPICON_NAME = AppIcon;
				ASSETCATALOG_COMPILER_LAUNCHIMAGE_NAME = LaunchImage;
				GCC_PRECOMPILE_PREFIX_HEADER = YES;
				GCC_PREFIX_HEADER = "DadosMeu/DadosMeu-Prefix.pch";
				INFOPLIST_FILE = "DadosMeu/DadosMeu-Info.plist";
				PRODUCT_NAME = "$(TARGET_NAME)";
				WRAPPER_EXTENSION = app;
			};
			name = Debug;
		};
		BC45EF3218B1E79000D9A95E /* Release */ = {
			isa = XCBuildConfiguration;
			buildSettings = {
				ASSETCATALOG_COMPILER_APPICON_NAME = AppIcon;
				ASSETCATALOG_COMPILER_LAUNCHIMAGE_NAME = LaunchImage;
				GCC_PRECOMPILE_PREFIX_HEADER = YES;
				GCC_PREFIX_HEADER = "DadosMeu/DadosMeu-Prefix.pch";
				INFOPLIST_FILE = "DadosMeu/DadosMeu-Info.plist";
				PRODUCT_NAME = "$(TARGET_NAME)";
				WRAPPER_EXTENSION = app;
			};
			name = Release;
		};
		BC45EF3418B1E79000D9A95E /* Debug */ = {
			isa = XCBuildConfiguration;
			buildSettings = {
				ARCHS = "$(ARCHS_STANDARD_INCLUDING_64_BIT)";
				BUNDLE_LOADER = "$(BUILT_PRODUCTS_DIR)/DadosMeu.app/DadosMeu";
				FRAMEWORK_SEARCH_PATHS = (
					"$(SDKROOT)/Developer/Library/Frameworks",
					"$(inherited)",
					"$(DEVELOPER_FRAMEWORKS_DIR)",
				);
				GCC_PRECOMPILE_PREFIX_HEADER = YES;
				GCC_PREFIX_HEADER = "DadosMeu/DadosMeu-Prefix.pch";
				GCC_PREPROCESSOR_DEFINITIONS = (
					"DEBUG=1",
					"$(inherited)",
				);
				INFOPLIST_FILE = "DadosMeuTests/DadosMeuTests-Info.plist";
				PRODUCT_NAME = "$(TARGET_NAME)";
				TEST_HOST = "$(BUNDLE_LOADER)";
				WRAPPER_EXTENSION = xctest;
			};
			name = Debug;
		};
		BC45EF3518B1E79000D9A95E /* Release */ = {
			isa = XCBuildConfiguration;
			buildSettings = {
				ARCHS = "$(ARCHS_STANDARD_INCLUDING_64_BIT)";
				BUNDLE_LOADER = "$(BUILT_PRODUCTS_DIR)/DadosMeu.app/DadosMeu";
				FRAMEWORK_SEARCH_PATHS = (
					"$(SDKROOT)/Developer/Library/Frameworks",
					"$(inherited)",
					"$(DEVELOPER_FRAMEWORKS_DIR)",
				);
				GCC_PRECOMPILE_PREFIX_HEADER = YES;
				GCC_PREFIX_HEADER = "DadosMeu/DadosMeu-Prefix.pch";
				INFOPLIST_FILE = "DadosMeuTests/DadosMeuTests-Info.plist";
				PRODUCT_NAME = "$(TARGET_NAME)";
				TEST_HOST = "$(BUNDLE_LOADER)";
				WRAPPER_EXTENSION = xctest;
			};
			name = Release;
		};
/* End XCBuildConfiguration section */

/* Begin XCConfigurationList section */
		BC45EEFF18B1E79000D9A95E /* Build configuration list for PBXProject "DadosMeu" */ = {
			isa = XCConfigurationList;
			buildConfigurations = (
				BC45EF2E18B1E79000D9A95E /* Debug */,
				BC45EF2F18B1E79000D9A95E /* Release */,
			);
			defaultConfigurationIsVisible = 0;
			defaultConfigurationName = Release;
		};
		BC45EF3018B1E79000D9A95E /* Build configuration list for PBXNativeTarget "DadosMeu" */ = {
			isa = XCConfigurationList;
			buildConfigurations = (
				BC45EF3118B1E79000D9A95E /* Debug */,
				BC45EF3218B1E79000D9A95E /* Release */,
			);
			defaultConfigurationIsVisible = 0;
		};
		BC45EF3318B1E79000D9A95E /* Build configuration list for PBXNativeTarget "DadosMeuTests" */ = {
			isa = XCConfigurationList;
			buildConfigurations = (
				BC45EF3418B1E79000D9A95E /* Debug */,
				BC45EF3518B1E79000D9A95E /* Release */,
			);
			defaultConfigurationIsVisible = 0;
		};
/* End XCConfigurationList section */
	};
	rootObject = BC45EEFC18B1E79000D9A95E /* Project object */;
}
